// !$*UTF8*$!
{
	archiveVersion = 1;
	classes = {
	};
	objectVersion = 46;
	objects = {

/* Begin PBXBuildFile section */
		7C2E51171D2EFE5A00A87B60 /* main.m in Sources */ = {isa = PBXBuildFile; fileRef = 7C2E51161D2EFE5A00A87B60 /* main.m */; };
		7C2E511A1D2EFE5A00A87B60 /* AppDelegate.m in Sources */ = {isa = PBXBuildFile; fileRef = 7C2E51191D2EFE5A00A87B60 /* AppDelegate.m */; };
		7C2E511D1D2EFE5A00A87B60 /* ViewController.m in Sources */ = {isa = PBXBuildFile; fileRef = 7C2E511C1D2EFE5A00A87B60 /* ViewController.m */; };
		7C2E51201D2EFE5A00A87B60 /* Main.storyboard in Resources */ = {isa = PBXBuildFile; fileRef = 7C2E511E1D2EFE5A00A87B60 /* Main.storyboard */; };
		7C2E51221D2EFE5A00A87B60 /* Assets.xcassets in Resources */ = {isa = PBXBuildFile; fileRef = 7C2E51211D2EFE5A00A87B60 /* Assets.xcassets */; };
		7C2E51251D2EFE5A00A87B60 /* LaunchScreen.storyboard in Resources */ = {isa = PBXBuildFile; fileRef = 7C2E51231D2EFE5A00A87B60 /* LaunchScreen.storyboard */; };
		7C2E51341D2F081000A87B60 /* GallatinServiceInfo.m in Sources */ = {isa = PBXBuildFile; fileRef = 7C2E51331D2F081000A87B60 /* GallatinServiceInfo.m */; };
		F55C1ED70FCF5E3A2F861CA3 /* libPods-ODGallatinExample.a in Frameworks */ = {isa = PBXBuildFile; fileRef = C75936ABF539A91A8495E04B /* libPods-ODGallatinExample.a */; };
/* End PBXBuildFile section */

/* Begin PBXFileReference section */
		39229D09B165B574EF23A408 /* Pods-ODGallatinExample.debug.xcconfig */ = {isa = PBXFileReference; includeInIndex = 1; lastKnownFileType = text.xcconfig; name = "Pods-ODGallatinExample.debug.xcconfig"; path = "Pods/Target Support Files/Pods-ODGallatinExample/Pods-ODGallatinExample.debug.xcconfig"; sourceTree = "<group>"; };
		7C2E51121D2EFE5A00A87B60 /* ODGallatinExample.app */ = {isa = PBXFileReference; explicitFileType = wrapper.application; includeInIndex = 0; path = ODGallatinExample.app; sourceTree = BUILT_PRODUCTS_DIR; };
		7C2E51161D2EFE5A00A87B60 /* main.m */ = {isa = PBXFileReference; lastKnownFileType = sourcecode.c.objc; path = main.m; sourceTree = "<group>"; };
		7C2E51181D2EFE5A00A87B60 /* AppDelegate.h */ = {isa = PBXFileReference; lastKnownFileType = sourcecode.c.h; path = AppDelegate.h; sourceTree = "<group>"; };
		7C2E51191D2EFE5A00A87B60 /* AppDelegate.m */ = {isa = PBXFileReference; lastKnownFileType = sourcecode.c.objc; path = AppDelegate.m; sourceTree = "<group>"; };
		7C2E511B1D2EFE5A00A87B60 /* ViewController.h */ = {isa = PBXFileReference; lastKnownFileType = sourcecode.c.h; path = ViewController.h; sourceTree = "<group>"; };
		7C2E511C1D2EFE5A00A87B60 /* ViewController.m */ = {isa = PBXFileReference; lastKnownFileType = sourcecode.c.objc; path = ViewController.m; sourceTree = "<group>"; };
		7C2E511F1D2EFE5A00A87B60 /* Base */ = {isa = PBXFileReference; lastKnownFileType = file.storyboard; name = Base; path = Base.lproj/Main.storyboard; sourceTree = "<group>"; };
		7C2E51211D2EFE5A00A87B60 /* Assets.xcassets */ = {isa = PBXFileReference; lastKnownFileType = folder.assetcatalog; path = Assets.xcassets; sourceTree = "<group>"; };
		7C2E51241D2EFE5A00A87B60 /* Base */ = {isa = PBXFileReference; lastKnownFileType = file.storyboard; name = Base; path = Base.lproj/LaunchScreen.storyboard; sourceTree = "<group>"; };
		7C2E51261D2EFE5A00A87B60 /* Info.plist */ = {isa = PBXFileReference; lastKnownFileType = text.plist.xml; path = Info.plist; sourceTree = "<group>"; };
		7C2E51321D2F081000A87B60 /* GallatinServiceInfo.h */ = {isa = PBXFileReference; fileEncoding = 4; lastKnownFileType = sourcecode.c.h; path = GallatinServiceInfo.h; sourceTree = "<group>"; };
		7C2E51331D2F081000A87B60 /* GallatinServiceInfo.m */ = {isa = PBXFileReference; fileEncoding = 4; lastKnownFileType = sourcecode.c.objc; path = GallatinServiceInfo.m; sourceTree = "<group>"; };
		C75936ABF539A91A8495E04B /* libPods-ODGallatinExample.a */ = {isa = PBXFileReference; explicitFileType = archive.ar; includeInIndex = 0; path = "libPods-ODGallatinExample.a"; sourceTree = BUILT_PRODUCTS_DIR; };
		F9A98296C037F16EC13AAB08 /* Pods-ODGallatinExample.release.xcconfig */ = {isa = PBXFileReference; includeInIndex = 1; lastKnownFileType = text.xcconfig; name = "Pods-ODGallatinExample.release.xcconfig"; path = "Pods/Target Support Files/Pods-ODGallatinExample/Pods-ODGallatinExample.release.xcconfig"; sourceTree = "<group>"; };
/* End PBXFileReference section */

/* Begin PBXFrameworksBuildPhase section */
		7C2E510F1D2EFE5A00A87B60 /* Frameworks */ = {
			isa = PBXFrameworksBuildPhase;
			buildActionMask = 2147483647;
			files = (
				F55C1ED70FCF5E3A2F861CA3 /* libPods-ODGallatinExample.a in Frameworks */,
			);
			runOnlyForDeploymentPostprocessing = 0;
		};
/* End PBXFrameworksBuildPhase section */

/* Begin PBXGroup section */
		4A75327357C8667838D99B04 /* Frameworks */ = {
			isa = PBXGroup;
			children = (
				C75936ABF539A91A8495E04B /* libPods-ODGallatinExample.a */,
			);
			name = Frameworks;
			sourceTree = "<group>";
		};
		7C2E51091D2EFE5A00A87B60 = {
			isa = PBXGroup;
			children = (
				7C2E51141D2EFE5A00A87B60 /* ODGallatinExample */,
				7C2E51131D2EFE5A00A87B60 /* Products */,
				BD588997B8B80CC839375F63 /* Pods */,
				4A75327357C8667838D99B04 /* Frameworks */,
			);
			sourceTree = "<group>";
		};
		7C2E51131D2EFE5A00A87B60 /* Products */ = {
			isa = PBXGroup;
			children = (
				7C2E51121D2EFE5A00A87B60 /* ODGallatinExample.app */,
			);
			name = Products;
			sourceTree = "<group>";
		};
		7C2E51141D2EFE5A00A87B60 /* ODGallatinExample */ = {
			isa = PBXGroup;
			children = (
				7C2E51181D2EFE5A00A87B60 /* AppDelegate.h */,
				7C2E51191D2EFE5A00A87B60 /* AppDelegate.m */,
				7C2E511B1D2EFE5A00A87B60 /* ViewController.h */,
				7C2E511C1D2EFE5A00A87B60 /* ViewController.m */,
				7C2E511E1D2EFE5A00A87B60 /* Main.storyboard */,
				7C2E51211D2EFE5A00A87B60 /* Assets.xcassets */,
				7C2E51231D2EFE5A00A87B60 /* LaunchScreen.storyboard */,
				7C2E51261D2EFE5A00A87B60 /* Info.plist */,
				7C2E51151D2EFE5A00A87B60 /* Supporting Files */,
				7C2E51321D2F081000A87B60 /* GallatinServiceInfo.h */,
				7C2E51331D2F081000A87B60 /* GallatinServiceInfo.m */,
			);
			path = ODGallatinExample;
			sourceTree = "<group>";
		};
		7C2E51151D2EFE5A00A87B60 /* Supporting Files */ = {
			isa = PBXGroup;
			children = (
				7C2E51161D2EFE5A00A87B60 /* main.m */,
			);
			name = "Supporting Files";
			sourceTree = "<group>";
		};
		BD588997B8B80CC839375F63 /* Pods */ = {
			isa = PBXGroup;
			children = (
				39229D09B165B574EF23A408 /* Pods-ODGallatinExample.debug.xcconfig */,
				F9A98296C037F16EC13AAB08 /* Pods-ODGallatinExample.release.xcconfig */,
			);
			name = Pods;
			sourceTree = "<group>";
		};
/* End PBXGroup section */

/* Begin PBXNativeTarget section */
		7C2E51111D2EFE5A00A87B60 /* ODGallatinExample */ = {
			isa = PBXNativeTarget;
			buildConfigurationList = 7C2E51291D2EFE5A00A87B60 /* Build configuration list for PBXNativeTarget "ODGallatinExample" */;
			buildPhases = (
				04A564879B48F2793FD30FD1 /* [CP] Check Pods Manifest.lock */,
				7C2E510E1D2EFE5A00A87B60 /* Sources */,
				7C2E510F1D2EFE5A00A87B60 /* Frameworks */,
				7C2E51101D2EFE5A00A87B60 /* Resources */,
				4739CFFC6A12EAEB7A512B4D /* [CP] Embed Pods Frameworks */,
				37A5055132C6265BD69F8B2D /* [CP] Copy Pods Resources */,
			);
			buildRules = (
			);
			dependencies = (
			);
			name = ODGallatinExample;
			productName = ODGallatinExample;
			productReference = 7C2E51121D2EFE5A00A87B60 /* ODGallatinExample.app */;
			productType = "com.apple.product-type.application";
		};
/* End PBXNativeTarget section */

/* Begin PBXProject section */
		7C2E510A1D2EFE5A00A87B60 /* Project object */ = {
			isa = PBXProject;
			attributes = {
				LastUpgradeCheck = 0730;
				ORGANIZATIONNAME = OneDrive;
				TargetAttributes = {
					7C2E51111D2EFE5A00A87B60 = {
						CreatedOnToolsVersion = 7.3.1;
						DevelopmentTeam = 7SWV9XDEM6;
					};
				};
			};
			buildConfigurationList = 7C2E510D1D2EFE5A00A87B60 /* Build configuration list for PBXProject "ODGallatinExample" */;
			compatibilityVersion = "Xcode 3.2";
			developmentRegion = English;
			hasScannedForEncodings = 0;
			knownRegions = (
				en,
				Base,
			);
			mainGroup = 7C2E51091D2EFE5A00A87B60;
			productRefGroup = 7C2E51131D2EFE5A00A87B60 /* Products */;
			projectDirPath = "";
			projectRoot = "";
			targets = (
				7C2E51111D2EFE5A00A87B60 /* ODGallatinExample */,
			);
		};
/* End PBXProject section */

/* Begin PBXResourcesBuildPhase section */
		7C2E51101D2EFE5A00A87B60 /* Resources */ = {
			isa = PBXResourcesBuildPhase;
			buildActionMask = 2147483647;
			files = (
				7C2E51251D2EFE5A00A87B60 /* LaunchScreen.storyboard in Resources */,
				7C2E51221D2EFE5A00A87B60 /* Assets.xcassets in Resources */,
				7C2E51201D2EFE5A00A87B60 /* Main.storyboard in Resources */,
			);
			runOnlyForDeploymentPostprocessing = 0;
		};
/* End PBXResourcesBuildPhase section */

/* Begin PBXShellScriptBuildPhase section */
		04A564879B48F2793FD30FD1 /* [CP] Check Pods Manifest.lock */ = {
			isa = PBXShellScriptBuildPhase;
			buildActionMask = 2147483647;
			files = (
			);
			inputPaths = (
			);
			name = "[CP] Check Pods Manifest.lock";
			outputPaths = (
			);
			runOnlyForDeploymentPostprocessing = 0;
			shellPath = /bin/sh;
			shellScript = "diff \"${PODS_ROOT}/../Podfile.lock\" \"${PODS_ROOT}/Manifest.lock\" > /dev/null\nif [[ $? != 0 ]] ; then\n    cat << EOM\nerror: The sandbox is not in sync with the Podfile.lock. Run 'pod install' or update your CocoaPods installation.\nEOM\n    exit 1\nfi\n";
			showEnvVarsInLog = 0;
		};
		37A5055132C6265BD69F8B2D /* [CP] Copy Pods Resources */ = {
			isa = PBXShellScriptBuildPhase;
			buildActionMask = 2147483647;
			files = (
			);
			inputPaths = (
			);
			name = "[CP] Copy Pods Resources";
			outputPaths = (
			);
			runOnlyForDeploymentPostprocessing = 0;
			shellPath = /bin/sh;
			shellScript = "\"${SRCROOT}/Pods/Target Support Files/Pods-ODGallatinExample/Pods-ODGallatinExample-resources.sh\"\n";
			showEnvVarsInLog = 0;
		};
		4739CFFC6A12EAEB7A512B4D /* [CP] Embed Pods Frameworks */ = {
			isa = PBXShellScriptBuildPhase;
			buildActionMask = 2147483647;
			files = (
			);
			inputPaths = (
			);
			name = "[CP] Embed Pods Frameworks";
			outputPaths = (
			);
			runOnlyForDeploymentPostprocessing = 0;
			shellPath = /bin/sh;
			shellScript = "\"${SRCROOT}/Pods/Target Support Files/Pods-ODGallatinExample/Pods-ODGallatinExample-frameworks.sh\"\n";
			showEnvVarsInLog = 0;
		};
/* End PBXShellScriptBuildPhase section */

/* Begin PBXSourcesBuildPhase section */
		7C2E510E1D2EFE5A00A87B60 /* Sources */ = {
			isa = PBXSourcesBuildPhase;
			buildActionMask = 2147483647;
			files = (
				7C2E51341D2F081000A87B60 /* GallatinServiceInfo.m in Sources */,
				7C2E511D1D2EFE5A00A87B60 /* ViewController.m in Sources */,
				7C2E511A1D2EFE5A00A87B60 /* AppDelegate.m in Sources */,
				7C2E51171D2EFE5A00A87B60 /* main.m in Sources */,
			);
			runOnlyForDeploymentPostprocessing = 0;
		};
/* End PBXSourcesBuildPhase section */

/* Begin PBXVariantGroup section */
		7C2E511E1D2EFE5A00A87B60 /* Main.storyboard */ = {
			isa = PBXVariantGroup;
			children = (
				7C2E511F1D2EFE5A00A87B60 /* Base */,
			);
			name = Main.storyboard;
			sourceTree = "<group>";
		};
		7C2E51231D2EFE5A00A87B60 /* LaunchScreen.storyboard */ = {
			isa = PBXVariantGroup;
			children = (
				7C2E51241D2EFE5A00A87B60 /* Base */,
			);
			name = LaunchScreen.storyboard;
			sourceTree = "<group>";
		};
/* End PBXVariantGroup section */

/* Begin XCBuildConfiguration section */
		7C2E51271D2EFE5A00A87B60 /* Debug */ = {
			isa = XCBuildConfiguration;
			buildSettings = {
				ALWAYS_SEARCH_USER_PATHS = NO;
				CLANG_ANALYZER_NONNULL = YES;
				CLANG_CXX_LANGUAGE_STANDARD = "gnu++0x";
				CLANG_CXX_LIBRARY = "libc++";
				CLANG_ENABLE_MODULES = YES;
				CLANG_ENABLE_OBJC_ARC = YES;
				CLANG_WARN_BOOL_CONVERSION = YES;
				CLANG_WARN_CONSTANT_CONVERSION = YES;
				CLANG_WARN_DIRECT_OBJC_ISA_USAGE = YES_ERROR;
				CLANG_WARN_EMPTY_BODY = YES;
				CLANG_WARN_ENUM_CONVERSION = YES;
				CLANG_WARN_INT_CONVERSION = YES;
				CLANG_WARN_OBJC_ROOT_CLASS = YES_ERROR;
				CLANG_WARN_UNREACHABLE_CODE = YES;
				CLANG_WARN__DUPLICATE_METHOD_MATCH = YES;
				"CODE_SIGN_IDENTITY[sdk=iphoneos*]" = "iPhone Developer";
				COPY_PHASE_STRIP = NO;
				DEBUG_INFORMATION_FORMAT = dwarf;
				ENABLE_STRICT_OBJC_MSGSEND = YES;
				ENABLE_TESTABILITY = YES;
				GCC_C_LANGUAGE_STANDARD = gnu99;
				GCC_DYNAMIC_NO_PIC = NO;
				GCC_NO_COMMON_BLOCKS = YES;
				GCC_OPTIMIZATION_LEVEL = 0;
				GCC_PREPROCESSOR_DEFINITIONS = (
					"DEBUG=1",
					"$(inherited)",
				);
				GCC_WARN_64_TO_32_BIT_CONVERSION = YES;
				GCC_WARN_ABOUT_RETURN_TYPE = YES_ERROR;
				GCC_WARN_UNDECLARED_SELECTOR = YES;
				GCC_WARN_UNINITIALIZED_AUTOS = YES_AGGRESSIVE;
				GCC_WARN_UNUSED_FUNCTION = YES;
				GCC_WARN_UNUSED_VARIABLE = YES;
				IPHONEOS_DEPLOYMENT_TARGET = 9.3;
				MTL_ENABLE_DEBUG_INFO = YES;
				ONLY_ACTIVE_ARCH = YES;
				SDKROOT = iphoneos;
				TARGETED_DEVICE_FAMILY = "1,2";
			};
			name = Debug;
		};
		7C2E51281D2EFE5A00A87B60 /* Release */ = {
			isa = XCBuildConfiguration;
			buildSettings = {
				ALWAYS_SEARCH_USER_PATHS = NO;
				CLANG_ANALYZER_NONNULL = YES;
				CLANG_CXX_LANGUAGE_STANDARD = "gnu++0x";
				CLANG_CXX_LIBRARY = "libc++";
				CLANG_ENABLE_MODULES = YES;
				CLANG_ENABLE_OBJC_ARC = YES;
				CLANG_WARN_BOOL_CONVERSION = YES;
				CLANG_WARN_CONSTANT_CONVERSION = YES;
				CLANG_WARN_DIRECT_OBJC_ISA_USAGE = YES_ERROR;
				CLANG_WARN_EMPTY_BODY = YES;
				CLANG_WARN_ENUM_CONVERSION = YES;
				CLANG_WARN_INT_CONVERSION = YES;
				CLANG_WARN_OBJC_ROOT_CLASS = YES_ERROR;
				CLANG_WARN_UNREACHABLE_CODE = YES;
				CLANG_WARN__DUPLICATE_METHOD_MATCH = YES;
				"CODE_SIGN_IDENTITY[sdk=iphoneos*]" = "iPhone Developer";
				COPY_PHASE_STRIP = NO;
				DEBUG_INFORMATION_FORMAT = "dwarf-with-dsym";
				ENABLE_NS_ASSERTIONS = NO;
				ENABLE_STRICT_OBJC_MSGSEND = YES;
				GCC_C_LANGUAGE_STANDARD = gnu99;
				GCC_NO_COMMON_BLOCKS = YES;
				GCC_WARN_64_TO_32_BIT_CONVERSION = YES;
				GCC_WARN_ABOUT_RETURN_TYPE = YES_ERROR;
				GCC_WARN_UNDECLARED_SELECTOR = YES;
				GCC_WARN_UNINITIALIZED_AUTOS = YES_AGGRESSIVE;
				GCC_WARN_UNUSED_FUNCTION = YES;
				GCC_WARN_UNUSED_VARIABLE = YES;
				IPHONEOS_DEPLOYMENT_TARGET = 9.3;
				MTL_ENABLE_DEBUG_INFO = NO;
				SDKROOT = iphoneos;
				TARGETED_DEVICE_FAMILY = "1,2";
				VALIDATE_PRODUCT = YES;
			};
			name = Release;
		};
		7C2E512A1D2EFE5A00A87B60 /* Debug */ = {
			isa = XCBuildConfiguration;
			baseConfigurationReference = 39229D09B165B574EF23A408 /* Pods-ODGallatinExample.debug.xcconfig */;
			buildSettings = {
				ASSETCATALOG_COMPILER_APPICON_NAME = AppIcon;
				INFOPLIST_FILE = ODGallatinExample/Info.plist;
				LD_RUNPATH_SEARCH_PATHS = "$(inherited) @executable_path/Frameworks";
				PRODUCT_BUNDLE_IDENTIFIER = com.onedrive.examples.ODGallatinExample;
				PRODUCT_NAME = "$(TARGET_NAME)";
			};
			name = Debug;
		};
		7C2E512B1D2EFE5A00A87B60 /* Release */ = {
			isa = XCBuildConfiguration;
			baseConfigurationReference = F9A98296C037F16EC13AAB08 /* Pods-ODGallatinExample.release.xcconfig */;
			buildSettings = {
				ASSETCATALOG_COMPILER_APPICON_NAME = AppIcon;
				INFOPLIST_FILE = ODGallatinExample/Info.plist;
				LD_RUNPATH_SEARCH_PATHS = "$(inherited) @executable_path/Frameworks";
				PRODUCT_BUNDLE_IDENTIFIER = com.onedrive.examples.ODGallatinExample;
				PRODUCT_NAME = "$(TARGET_NAME)";
			};
			name = Release;
		};
/* End XCBuildConfiguration section */

/* Begin XCConfigurationList section */
		7C2E510D1D2EFE5A00A87B60 /* Build configuration list for PBXProject "ODGallatinExample" */ = {
			isa = XCConfigurationList;
			buildConfigurations = (
				7C2E51271D2EFE5A00A87B60 /* Debug */,
				7C2E51281D2EFE5A00A87B60 /* Release */,
			);
			defaultConfigurationIsVisible = 0;
			defaultConfigurationName = Release;
		};
		7C2E51291D2EFE5A00A87B60 /* Build configuration list for PBXNativeTarget "ODGallatinExample" */ = {
			isa = XCConfigurationList;
			buildConfigurations = (
				7C2E512A1D2EFE5A00A87B60 /* Debug */,
				7C2E512B1D2EFE5A00A87B60 /* Release */,
			);
			defaultConfigurationIsVisible = 0;
			defaultConfigurationName = Release;
		};
/* End XCConfigurationList section */
	};
	rootObject = 7C2E510A1D2EFE5A00A87B60 /* Project object */;
}
